
Microsoft Visual Studio Solution File, Format Version 12.00
# Visual Studio Version 16
VisualStudioVersion = 16.0.31320.298
MinimumVisualStudioVersion = 10.0.40219.1
Project("{8BC9CEB8-8B4A-11D0-8D11-00A0C91BC942}") = "Tensor++", "Tensor++.vcxproj", "{0D30BFCD-BF2A-4622-A7FE-8016636671A6}"
EndProject
Global
	GlobalSection(SolutionConfigurationPlatforms) = preSolution
		Debug|x64 = Debug|x64
		Debug|x86 = Debug|x86
		Release|x64 = Release|x64
		Release|x86 = Release|x86
	EndGlobalSection
	GlobalSection(ProjectConfigurationPlatforms) = postSolution
		{0D30BFCD-BF2A-4622-A7FE-8016636671A6}.Debug|x64.ActiveCfg = Debug|x64
		{0D30BFCD-BF2A-4622-A7FE-8016636671A6}.Debug|x64.Build.0 = Debug|x64
		{0D30BFCD-BF2A-4622-A7FE-8016636671A6}.Debug|x86.ActiveCfg = Debug|Win32
		{0D30BFCD-BF2A-4622-A7FE-8016636671A6}.Debug|x86.Build.0 = Debug|Win32
		{0D30BFCD-BF2A-4622-A7FE-8016636671A6}.Release|x64.ActiveCfg = Release|x64
		{0D30BFCD-BF2A-4622-A7FE-8016636671A6}.Release|x64.Build.0 = Release|x64
		{0D30BFCD-BF2A-4622-A7FE-8016636671A6}.Release|x86.ActiveCfg = Release|Win32
		{0D30BFCD-BF2A-4622-A7FE-8016636671A6}.Release|x86.Build.0 = Release|Win32
	EndGlobalSection
	GlobalSection(SolutionProperties) = preSolution
		HideSolutionNode = FALSE
	EndGlobalSection
	GlobalSection(ExtensibilityGlobals) = postSolution
		SolutionGuid = {EB365DAB-4056-4507-8402-FA89888EC01C}
	EndGlobalSection
EndGlobal
